
Microsoft Visual Studio Solution File, Format Version 12.00
# Visual Studio Version 17
VisualStudioVersion = 17.1.32319.34
MinimumVisualStudioVersion = 10.0.40219.1
Project("{9A19103F-16F7-4668-BE54-9A1E7A4F7556}") = "ShopApp.Entities", "ShopApp.Entities\ShopApp.Entities.csproj", "{FA637851-49B4-474C-A0F8-8139F9E56878}"
EndProject
Project("{9A19103F-16F7-4668-BE54-9A1E7A4F7556}") = "ShopApp.DataAccess", "ShopApp.DataAccess\ShopApp.DataAccess.csproj", "{0C22DC8C-E3A3-4B89-A268-46E2AB24D655}"
EndProject
Project("{9A19103F-16F7-4668-BE54-9A1E7A4F7556}") = "ShopApp.Business", "ShopApp.Business\ShopApp.Business.csproj", "{CE104367-D03B-4289-B675-EA28C66FDB6B}"
EndProject
Project("{9A19103F-16F7-4668-BE54-9A1E7A4F7556}") = "ShopApp.WebUI", "ShopApp.WebUI\ShopApp.WebUI.csproj", "{244E318A-6567-4CAD-99DB-415163B70085}"
EndProject
Global
	GlobalSection(SolutionConfigurationPlatforms) = preSolution
		Debug|Any CPU = Debug|Any CPU
		Release|Any CPU = Release|Any CPU
	EndGlobalSection
	GlobalSection(ProjectConfigurationPlatforms) = postSolution
		{FA637851-49B4-474C-A0F8-8139F9E56878}.Debug|Any CPU.ActiveCfg = Debug|Any CPU
		{FA637851-49B4-474C-A0F8-8139F9E56878}.Debug|Any CPU.Build.0 = Debug|Any CPU
		{FA637851-49B4-474C-A0F8-8139F9E56878}.Release|Any CPU.ActiveCfg = Release|Any CPU
		{FA637851-49B4-474C-A0F8-8139F9E56878}.Release|Any CPU.Build.0 = Release|Any CPU
		{0C22DC8C-E3A3-4B89-A268-46E2AB24D655}.Debug|Any CPU.ActiveCfg = Debug|Any CPU
		{0C22DC8C-E3A3-4B89-A268-46E2AB24D655}.Debug|Any CPU.Build.0 = Debug|Any CPU
		{0C22DC8C-E3A3-4B89-A268-46E2AB24D655}.Release|Any CPU.ActiveCfg = Release|Any CPU
		{0C22DC8C-E3A3-4B89-A268-46E2AB24D655}.Release|Any CPU.Build.0 = Release|Any CPU
		{CE104367-D03B-4289-B675-EA28C66FDB6B}.Debug|Any CPU.ActiveCfg = Debug|Any CPU
		{CE104367-D03B-4289-B675-EA28C66FDB6B}.Debug|Any CPU.Build.0 = Debug|Any CPU
		{CE104367-D03B-4289-B675-EA28C66FDB6B}.Release|Any CPU.ActiveCfg = Release|Any CPU
		{CE104367-D03B-4289-B675-EA28C66FDB6B}.Release|Any CPU.Build.0 = Release|Any CPU
		{244E318A-6567-4CAD-99DB-415163B70085}.Debug|Any CPU.ActiveCfg = Debug|Any CPU
		{244E318A-6567-4CAD-99DB-415163B70085}.Debug|Any CPU.Build.0 = Debug|Any CPU
		{244E318A-6567-4CAD-99DB-415163B70085}.Release|Any CPU.ActiveCfg = Release|Any CPU
		{244E318A-6567-4CAD-99DB-415163B70085}.Release|Any CPU.Build.0 = Release|Any CPU
	EndGlobalSection
	GlobalSection(SolutionProperties) = preSolution
		HideSolutionNode = FALSE
	EndGlobalSection
	GlobalSection(ExtensibilityGlobals) = postSolution
		SolutionGuid = {0EDC362B-709C-4EA6-90D0-E048B46DD008}
	EndGlobalSection
EndGlobal
